
Microsoft Visual Studio Solution File, Format Version 12.00
# Visual Studio 14
VisualStudioVersion = 14.0.25420.1
MinimumVisualStudioVersion = 10.0.40219.1
Project("{FAE04EC0-301F-11D3-BF4B-00C04F79EFBC}") = "Study hall", "Study hall\Study hall.csproj", "{74C8D0D9-D947-4A04-8E81-7093357F76A6}"
EndProject
Project("{FAE04EC0-301F-11D3-BF4B-00C04F79EFBC}") = "Money", "Money\Money.csproj", "{A48349D6-F547-4F7A-B843-FFAEA88A630C}"
EndProject
Global
	GlobalSection(SolutionConfigurationPlatforms) = preSolution
		Debug|Any CPU = Debug|Any CPU
		Release|Any CPU = Release|Any CPU
	EndGlobalSection
	GlobalSection(ProjectConfigurationPlatforms) = postSolution
		{74C8D0D9-D947-4A04-8E81-7093357F76A6}.Debug|Any CPU.ActiveCfg = Debug|Any CPU
		{74C8D0D9-D947-4A04-8E81-7093357F76A6}.Debug|Any CPU.Build.0 = Debug|Any CPU
		{74C8D0D9-D947-4A04-8E81-7093357F76A6}.Release|Any CPU.ActiveCfg = Release|Any CPU
		{74C8D0D9-D947-4A04-8E81-7093357F76A6}.Release|Any CPU.Build.0 = Release|Any CPU
		{A48349D6-F547-4F7A-B843-FFAEA88A630C}.Debug|Any CPU.ActiveCfg = Debug|Any CPU
		{A48349D6-F547-4F7A-B843-FFAEA88A630C}.Debug|Any CPU.Build.0 = Debug|Any CPU
		{A48349D6-F547-4F7A-B843-FFAEA88A630C}.Release|Any CPU.ActiveCfg = Release|Any CPU
		{A48349D6-F547-4F7A-B843-FFAEA88A630C}.Release|Any CPU.Build.0 = Release|Any CPU
	EndGlobalSection
	GlobalSection(SolutionProperties) = preSolution
		HideSolutionNode = FALSE
	EndGlobalSection
EndGlobal
