
Microsoft Visual Studio Solution File, Format Version 12.00
# Visual Studio 14
VisualStudioVersion = 14.0.25420.1
MinimumVisualStudioVersion = 10.0.40219.1
Project("{FAE04EC0-301F-11D3-BF4B-00C04F79EFBC}") = "Numbers 1 N with Step 3", "Numbers 1 N with Step 3\Numbers 1 N with Step 3.csproj", "{3295BEB4-18AB-4684-A8B9-21C0C28F26E2}"
EndProject
Project("{FAE04EC0-301F-11D3-BF4B-00C04F79EFBC}") = "Numbers N 1", "Numbers N 1\Numbers N 1.csproj", "{78610A9F-DECC-41F8-9186-8D5E4F9C0EAC}"
EndProject
Project("{FAE04EC0-301F-11D3-BF4B-00C04F79EFBC}") = "Powers of Two", "Powers of Two\Powers of Two.csproj", "{D4ECDF64-3776-4993-A984-FB6368D35DA5}"
EndProject
Project("{FAE04EC0-301F-11D3-BF4B-00C04F79EFBC}") = "Even Powers of 2", "Even Powers of 2\Even Powers of 2.csproj", "{435400C6-C42D-4E66-B13D-F393F0434AD3}"
EndProject
Project("{FAE04EC0-301F-11D3-BF4B-00C04F79EFBC}") = "Sequence 2k+1", "Sequence 2k+1\Sequence 2k+1.csproj", "{918C7E80-D04A-4FE4-B3C0-7C4121FCE000}"
EndProject
Project("{FAE04EC0-301F-11D3-BF4B-00C04F79EFBC}") = "Number in Range 1-100", "Number in Range 1-100\Number in Range 1-100.csproj", "{6CAFEF02-BED7-4B6E-A812-7F710E10E646}"
EndProject
Project("{FAE04EC0-301F-11D3-BF4B-00C04F79EFBC}") = "Greatest Common Divisor", "Greatest Common Divisor\Greatest Common Divisor.csproj", "{6FFD7054-E5F2-4CAE-9C67-7E5A9E530FF8}"
EndProject
Project("{FAE04EC0-301F-11D3-BF4B-00C04F79EFBC}") = "Factorial", "Factorial\Factorial.csproj", "{AF034396-D4F5-4844-8C9C-61A5F8846224}"
EndProject
Project("{FAE04EC0-301F-11D3-BF4B-00C04F79EFBC}") = "Sum Digits", "Sum Digits\Sum Digits.csproj", "{05221D78-099A-47CF-9C47-5DC13D50FA1F}"
EndProject
Project("{FAE04EC0-301F-11D3-BF4B-00C04F79EFBC}") = "Check Prime", "Check Prime\Check Prime.csproj", "{A1463270-2F26-4B69-B01A-5E3C1B2BEFE7}"
EndProject
Project("{FAE04EC0-301F-11D3-BF4B-00C04F79EFBC}") = "Enter Even Number", "Enter Even Number\Enter Even Number.csproj", "{72C0BE28-DD5B-4240-9880-80C0753B29F5}"
EndProject
Project("{FAE04EC0-301F-11D3-BF4B-00C04F79EFBC}") = "Fibonacci", "Fibonacci\Fibonacci.csproj", "{7A703A8D-20D7-4233-B0AA-C962AF134A07}"
EndProject
Project("{FAE04EC0-301F-11D3-BF4B-00C04F79EFBC}") = "Number Pyramid", "Number Pyramid\Number Pyramid.csproj", "{EFFC5910-EF1F-4FBD-B42C-561964974FE4}"
EndProject
Project("{FAE04EC0-301F-11D3-BF4B-00C04F79EFBC}") = "Number Table", "Number Table\Number Table.csproj", "{9F9A3E85-0539-4E52-9F71-A015EEC9D3CC}"
EndProject
Global
	GlobalSection(SolutionConfigurationPlatforms) = preSolution
		Debug|Any CPU = Debug|Any CPU
		Release|Any CPU = Release|Any CPU
	EndGlobalSection
	GlobalSection(ProjectConfigurationPlatforms) = postSolution
		{3295BEB4-18AB-4684-A8B9-21C0C28F26E2}.Debug|Any CPU.ActiveCfg = Debug|Any CPU
		{3295BEB4-18AB-4684-A8B9-21C0C28F26E2}.Debug|Any CPU.Build.0 = Debug|Any CPU
		{3295BEB4-18AB-4684-A8B9-21C0C28F26E2}.Release|Any CPU.ActiveCfg = Release|Any CPU
		{3295BEB4-18AB-4684-A8B9-21C0C28F26E2}.Release|Any CPU.Build.0 = Release|Any CPU
		{78610A9F-DECC-41F8-9186-8D5E4F9C0EAC}.Debug|Any CPU.ActiveCfg = Debug|Any CPU
		{78610A9F-DECC-41F8-9186-8D5E4F9C0EAC}.Debug|Any CPU.Build.0 = Debug|Any CPU
		{78610A9F-DECC-41F8-9186-8D5E4F9C0EAC}.Release|Any CPU.ActiveCfg = Release|Any CPU
		{78610A9F-DECC-41F8-9186-8D5E4F9C0EAC}.Release|Any CPU.Build.0 = Release|Any CPU
		{D4ECDF64-3776-4993-A984-FB6368D35DA5}.Debug|Any CPU.ActiveCfg = Debug|Any CPU
		{D4ECDF64-3776-4993-A984-FB6368D35DA5}.Debug|Any CPU.Build.0 = Debug|Any CPU
		{D4ECDF64-3776-4993-A984-FB6368D35DA5}.Release|Any CPU.ActiveCfg = Release|Any CPU
		{D4ECDF64-3776-4993-A984-FB6368D35DA5}.Release|Any CPU.Build.0 = Release|Any CPU
		{435400C6-C42D-4E66-B13D-F393F0434AD3}.Debug|Any CPU.ActiveCfg = Debug|Any CPU
		{435400C6-C42D-4E66-B13D-F393F0434AD3}.Debug|Any CPU.Build.0 = Debug|Any CPU
		{435400C6-C42D-4E66-B13D-F393F0434AD3}.Release|Any CPU.ActiveCfg = Release|Any CPU
		{435400C6-C42D-4E66-B13D-F393F0434AD3}.Release|Any CPU.Build.0 = Release|Any CPU
		{918C7E80-D04A-4FE4-B3C0-7C4121FCE000}.Debug|Any CPU.ActiveCfg = Debug|Any CPU
		{918C7E80-D04A-4FE4-B3C0-7C4121FCE000}.Debug|Any CPU.Build.0 = Debug|Any CPU
		{918C7E80-D04A-4FE4-B3C0-7C4121FCE000}.Release|Any CPU.ActiveCfg = Release|Any CPU
		{918C7E80-D04A-4FE4-B3C0-7C4121FCE000}.Release|Any CPU.Build.0 = Release|Any CPU
		{6CAFEF02-BED7-4B6E-A812-7F710E10E646}.Debug|Any CPU.ActiveCfg = Debug|Any CPU
		{6CAFEF02-BED7-4B6E-A812-7F710E10E646}.Debug|Any CPU.Build.0 = Debug|Any CPU
		{6CAFEF02-BED7-4B6E-A812-7F710E10E646}.Release|Any CPU.ActiveCfg = Release|Any CPU
		{6CAFEF02-BED7-4B6E-A812-7F710E10E646}.Release|Any CPU.Build.0 = Release|Any CPU
		{6FFD7054-E5F2-4CAE-9C67-7E5A9E530FF8}.Debug|Any CPU.ActiveCfg = Debug|Any CPU
		{6FFD7054-E5F2-4CAE-9C67-7E5A9E530FF8}.Debug|Any CPU.Build.0 = Debug|Any CPU
		{6FFD7054-E5F2-4CAE-9C67-7E5A9E530FF8}.Release|Any CPU.ActiveCfg = Release|Any CPU
		{6FFD7054-E5F2-4CAE-9C67-7E5A9E530FF8}.Release|Any CPU.Build.0 = Release|Any CPU
		{AF034396-D4F5-4844-8C9C-61A5F8846224}.Debug|Any CPU.ActiveCfg = Debug|Any CPU
		{AF034396-D4F5-4844-8C9C-61A5F8846224}.Debug|Any CPU.Build.0 = Debug|Any CPU
		{AF034396-D4F5-4844-8C9C-61A5F8846224}.Release|Any CPU.ActiveCfg = Release|Any CPU
		{AF034396-D4F5-4844-8C9C-61A5F8846224}.Release|Any CPU.Build.0 = Release|Any CPU
		{05221D78-099A-47CF-9C47-5DC13D50FA1F}.Debug|Any CPU.ActiveCfg = Debug|Any CPU
		{05221D78-099A-47CF-9C47-5DC13D50FA1F}.Debug|Any CPU.Build.0 = Debug|Any CPU
		{05221D78-099A-47CF-9C47-5DC13D50FA1F}.Release|Any CPU.ActiveCfg = Release|Any CPU
		{05221D78-099A-47CF-9C47-5DC13D50FA1F}.Release|Any CPU.Build.0 = Release|Any CPU
		{A1463270-2F26-4B69-B01A-5E3C1B2BEFE7}.Debug|Any CPU.ActiveCfg = Debug|Any CPU
		{A1463270-2F26-4B69-B01A-5E3C1B2BEFE7}.Debug|Any CPU.Build.0 = Debug|Any CPU
		{A1463270-2F26-4B69-B01A-5E3C1B2BEFE7}.Release|Any CPU.ActiveCfg = Release|Any CPU
		{A1463270-2F26-4B69-B01A-5E3C1B2BEFE7}.Release|Any CPU.Build.0 = Release|Any CPU
		{72C0BE28-DD5B-4240-9880-80C0753B29F5}.Debug|Any CPU.ActiveCfg = Debug|Any CPU
		{72C0BE28-DD5B-4240-9880-80C0753B29F5}.Debug|Any CPU.Build.0 = Debug|Any CPU
		{72C0BE28-DD5B-4240-9880-80C0753B29F5}.Release|Any CPU.ActiveCfg = Release|Any CPU
		{72C0BE28-DD5B-4240-9880-80C0753B29F5}.Release|Any CPU.Build.0 = Release|Any CPU
		{7A703A8D-20D7-4233-B0AA-C962AF134A07}.Debug|Any CPU.ActiveCfg = Debug|Any CPU
		{7A703A8D-20D7-4233-B0AA-C962AF134A07}.Debug|Any CPU.Build.0 = Debug|Any CPU
		{7A703A8D-20D7-4233-B0AA-C962AF134A07}.Release|Any CPU.ActiveCfg = Release|Any CPU
		{7A703A8D-20D7-4233-B0AA-C962AF134A07}.Release|Any CPU.Build.0 = Release|Any CPU
		{EFFC5910-EF1F-4FBD-B42C-561964974FE4}.Debug|Any CPU.ActiveCfg = Debug|Any CPU
		{EFFC5910-EF1F-4FBD-B42C-561964974FE4}.Debug|Any CPU.Build.0 = Debug|Any CPU
		{EFFC5910-EF1F-4FBD-B42C-561964974FE4}.Release|Any CPU.ActiveCfg = Release|Any CPU
		{EFFC5910-EF1F-4FBD-B42C-561964974FE4}.Release|Any CPU.Build.0 = Release|Any CPU
		{9F9A3E85-0539-4E52-9F71-A015EEC9D3CC}.Debug|Any CPU.ActiveCfg = Debug|Any CPU
		{9F9A3E85-0539-4E52-9F71-A015EEC9D3CC}.Debug|Any CPU.Build.0 = Debug|Any CPU
		{9F9A3E85-0539-4E52-9F71-A015EEC9D3CC}.Release|Any CPU.ActiveCfg = Release|Any CPU
		{9F9A3E85-0539-4E52-9F71-A015EEC9D3CC}.Release|Any CPU.Build.0 = Release|Any CPU
	EndGlobalSection
	GlobalSection(SolutionProperties) = preSolution
		HideSolutionNode = FALSE
	EndGlobalSection
EndGlobal
